
Microsoft Visual Studio Solution File, Format Version 12.00
# Visual Studio Version 17
VisualStudioVersion = 17.9.34728.123
MinimumVisualStudioVersion = 10.0.40219.1
Project("{FAE04EC0-301F-11D3-BF4B-00C04F79EFBC}") = "Xadrez", "Xadrez\Xadrez.csproj", "{77F4E639-21A1-44EC-8E5B-FAE80BF6B5BB}"
EndProject
Global
	GlobalSection(SolutionConfigurationPlatforms) = preSolution
		Debug|Any CPU = Debug|Any CPU
		Release|Any CPU = Release|Any CPU
	EndGlobalSection
	GlobalSection(ProjectConfigurationPlatforms) = postSolution
		{77F4E639-21A1-44EC-8E5B-FAE80BF6B5BB}.Debug|Any CPU.ActiveCfg = Debug|Any CPU
		{77F4E639-21A1-44EC-8E5B-FAE80BF6B5BB}.Debug|Any CPU.Build.0 = Debug|Any CPU
		{77F4E639-21A1-44EC-8E5B-FAE80BF6B5BB}.Release|Any CPU.ActiveCfg = Release|Any CPU
		{77F4E639-21A1-44EC-8E5B-FAE80BF6B5BB}.Release|Any CPU.Build.0 = Release|Any CPU
	EndGlobalSection
	GlobalSection(SolutionProperties) = preSolution
		HideSolutionNode = FALSE
	EndGlobalSection
	GlobalSection(ExtensibilityGlobals) = postSolution
		SolutionGuid = {4A6BFB65-9B21-47FD-8600-3CF5F0488B4E}
	EndGlobalSection
EndGlobal
